
Microsoft Visual Studio Solution File, Format Version 12.00
# Visual Studio Version 17
VisualStudioVersion = 17.10.34928.147
MinimumVisualStudioVersion = 10.0.40219.1
Project("{FAE04EC0-301F-11D3-BF4B-00C04F79EFBC}") = "PokerDrillDemo", "PokerDrillDemo\PokerDrillDemo.csproj", "{B817E6F4-0756-40C2-A880-B2B44F1B3657}"
EndProject
Project("{FAE04EC0-301F-11D3-BF4B-00C04F79EFBC}") = "PokerDrill.UI.Controls", "PokerDrill.UI.Controls\PokerDrill.UI.Controls.csproj", "{081D69CD-1941-47B6-89F3-4E30034F6872}"
EndProject
Project("{FAE04EC0-301F-11D3-BF4B-00C04F79EFBC}") = "PokerDrill.Core", "PokerDrill.Core\PokerDrill.Core.csproj", "{7BEA8FC1-D628-4795-908F-8E30E1612877}"
EndProject
Global
	GlobalSection(SolutionConfigurationPlatforms) = preSolution
		Debug|Any CPU = Debug|Any CPU
		Release|Any CPU = Release|Any CPU
	EndGlobalSection
	GlobalSection(ProjectConfigurationPlatforms) = postSolution
		{B817E6F4-0756-40C2-A880-B2B44F1B3657}.Debug|Any CPU.ActiveCfg = Debug|Any CPU
		{B817E6F4-0756-40C2-A880-B2B44F1B3657}.Debug|Any CPU.Build.0 = Debug|Any CPU
		{B817E6F4-0756-40C2-A880-B2B44F1B3657}.Release|Any CPU.ActiveCfg = Release|Any CPU
		{B817E6F4-0756-40C2-A880-B2B44F1B3657}.Release|Any CPU.Build.0 = Release|Any CPU
		{081D69CD-1941-47B6-89F3-4E30034F6872}.Debug|Any CPU.ActiveCfg = Debug|Any CPU
		{081D69CD-1941-47B6-89F3-4E30034F6872}.Debug|Any CPU.Build.0 = Debug|Any CPU
		{081D69CD-1941-47B6-89F3-4E30034F6872}.Release|Any CPU.ActiveCfg = Release|Any CPU
		{081D69CD-1941-47B6-89F3-4E30034F6872}.Release|Any CPU.Build.0 = Release|Any CPU
		{7BEA8FC1-D628-4795-908F-8E30E1612877}.Debug|Any CPU.ActiveCfg = Debug|Any CPU
		{7BEA8FC1-D628-4795-908F-8E30E1612877}.Debug|Any CPU.Build.0 = Debug|Any CPU
		{7BEA8FC1-D628-4795-908F-8E30E1612877}.Release|Any CPU.ActiveCfg = Release|Any CPU
		{7BEA8FC1-D628-4795-908F-8E30E1612877}.Release|Any CPU.Build.0 = Release|Any CPU
	EndGlobalSection
	GlobalSection(SolutionProperties) = preSolution
		HideSolutionNode = FALSE
	EndGlobalSection
	GlobalSection(ExtensibilityGlobals) = postSolution
		SolutionGuid = {43472F27-7EBC-440B-9A29-D7A7009C5D5F}
	EndGlobalSection
EndGlobal
